{
  "version": "2",
  "remote": {
    "https://deno.land/x/denoflate@1.2.1/mod.ts": "f5628e44b80b3d80ed525afa2ba0f12408e3849db817d47a883b801f9ce69dd6",
    "https://deno.land/x/denoflate@1.2.1/pkg/denoflate.js": "b9f9ad9457d3f12f28b1fb35c555f57443427f74decb403113d67364e4f2caf4",
    "https://deno.land/x/denoflate@1.2.1/pkg/denoflate_bg.wasm.js": "d581956245407a2115a3d7e8d85a9641c032940a8e810acbd59ca86afd34d44d",
    "https://deno.land/x/esbuild@v0.16.17/mod.d.ts": "f0226ff211effd61673e1a6d3f8d4bd601a0d7854f69f9c91ecbeeff21e31829",
    "https://deno.land/x/esbuild@v0.16.17/mod.js": "abf56956177f7bd0c5b49f1d00a6c793ea3b00eff3242385fd14de80d94875d1"
  }
}
